
Microsoft Visual Studio Solution File, Format Version 12.00
# Visual Studio 15
VisualStudioVersion = 15.0.26124.0
MinimumVisualStudioVersion = 15.0.26124.0
Project("{2150E333-8FDC-42A3-9474-1A3956D46DE8}") = "Task_1_1", "Task_1_1", "{D2B2E6E7-66FC-462A-9A22-AD4C25260BA6}"
EndProject
Project("{FAE04EC0-301F-11D3-BF4B-00C04F79EFBC}") = "Program_1", "Task_1_1\Program_1\Program_1.csproj", "{C286A046-B98E-45FB-9AD4-4982FE593EA5}"
EndProject
Project("{FAE04EC0-301F-11D3-BF4B-00C04F79EFBC}") = "Program_2", "Task_1_1\Program_2\Program_2.csproj", "{3AD43F30-A6B7-447D-B1FF-0E31BF4948B0}"
EndProject
Project("{FAE04EC0-301F-11D3-BF4B-00C04F79EFBC}") = "Program_3", "Task_1_1\Program_3\Program_3.csproj", "{953F4E3F-D939-4B94-97B2-822AA38FBA2E}"
EndProject
Project("{FAE04EC0-301F-11D3-BF4B-00C04F79EFBC}") = "Program_4", "Task_1_1\Program_4\Program_4.csproj", "{0946AE4F-E793-480A-8C54-081592E6428C}"
EndProject
Project("{FAE04EC0-301F-11D3-BF4B-00C04F79EFBC}") = "Program_5", "Task_1_1\Program_5\Program_5.csproj", "{087F5E44-1FD8-48EA-9443-C7CDF158DE18}"
EndProject
Project("{FAE04EC0-301F-11D3-BF4B-00C04F79EFBC}") = "Program_6", "Task_1_1\Program_6\Program_6.csproj", "{4EB9491B-6FA2-404A-86BA-9565D2684C9B}"
EndProject
Project("{2150E333-8FDC-42A3-9474-1A3956D46DE8}") = "Task_1_2", "Task_1_2", "{385D7C6C-4C29-4B68-950A-554DF41986A5}"
EndProject
Project("{FAE04EC0-301F-11D3-BF4B-00C04F79EFBC}") = "Program_1", "Task_1_2\Program_1\Program_1.csproj", "{84CCF904-0518-4295-97CF-1F89514272BE}"
EndProject
Project("{FAE04EC0-301F-11D3-BF4B-00C04F79EFBC}") = "Program_2", "Task_1_2\Program_2\Program_2.csproj", "{8E4678F9-ED82-44DA-AC71-8B878FEB10BC}"
EndProject
Project("{FAE04EC0-301F-11D3-BF4B-00C04F79EFBC}") = "Program_3", "Task_1_2\Program_3\Program_3.csproj", "{D1A0BB62-2099-4994-8621-93341DAE5DF8}"
EndProject
Project("{FAE04EC0-301F-11D3-BF4B-00C04F79EFBC}") = "Program_4", "Task_1_2\Program_4\Program_4.csproj", "{DE3727A7-0361-4134-9A6A-5AA1F0B6C89F}"
EndProject
Project("{FAE04EC0-301F-11D3-BF4B-00C04F79EFBC}") = "Program_5", "Task_1_2\Program_5\Program_5.csproj", "{AC620C23-373F-4ED9-A5C3-1B9E6D885D03}"
EndProject
Project("{2150E333-8FDC-42A3-9474-1A3956D46DE8}") = "Task_2_1", "Task_2_1", "{26D99B34-723E-4AD5-A2DA-6F97334D856F}"
EndProject
Project("{FAE04EC0-301F-11D3-BF4B-00C04F79EFBC}") = "Program_1", "Task_2_1\Program_1\Program_1.csproj", "{CF617681-BADE-47D8-AC00-1740340C17C1}"
EndProject
Project("{FAE04EC0-301F-11D3-BF4B-00C04F79EFBC}") = "Program_2", "Task_2_1\Program_2\Program_2.csproj", "{993D5C1E-793D-4A99-8CF1-B5ACDB0C873D}"
EndProject
Project("{FAE04EC0-301F-11D3-BF4B-00C04F79EFBC}") = "Program_3", "Task_2_1\Program_3\Program_3.csproj", "{E12C78CC-8B85-45C2-830F-E9757382BFDF}"
EndProject
Project("{FAE04EC0-301F-11D3-BF4B-00C04F79EFBC}") = "Task_2_2", "Task_2_2\Task_2_2.csproj", "{33CC000F-9560-4F17-9EAA-BCD96799BA81}"
EndProject
Project("{FAE04EC0-301F-11D3-BF4B-00C04F79EFBC}") = "Task_2_3", "Task_2_3\Task_2_3.csproj", "{919E95AF-2EDE-4AE0-9AD7-87E580310DC2}"
EndProject
Project("{FAE04EC0-301F-11D3-BF4B-00C04F79EFBC}") = "Task_3_1", "Task_3_1\Task_3_1.csproj", "{994CBA8D-E2AA-4F02-B410-0673DF628CDA}"
EndProject
Project("{FAE04EC0-301F-11D3-BF4B-00C04F79EFBC}") = "Task_3_2", "Task_3_2\Task_3_2.csproj", "{EE95AECA-3147-4F40-80A2-D358A5C69923}"
EndProject
Project("{FAE04EC0-301F-11D3-BF4B-00C04F79EFBC}") = "Task_3_3", "Task_3_3\Task_3_3.csproj", "{8280F161-9699-4476-B902-3E41E8A8DFA5}"
EndProject
Project("{FAE04EC0-301F-11D3-BF4B-00C04F79EFBC}") = "Task_3_4", "Task_3_4\Task_3_4.csproj", "{BF26A010-017B-4B33-AFA6-D42CA4B01B8C}"
EndProject
Project("{FAE04EC0-301F-11D3-BF4B-00C04F79EFBC}") = "Task_4_1", "Task_4_1\Task_4_1.csproj", "{F1F3D909-3CC9-4A24-B877-1DA1735B1C95}"
EndProject
Project("{FAE04EC0-301F-11D3-BF4B-00C04F79EFBC}") = "Task_4_2", "Task_4_2\Task_4_2.csproj", "{5B72B598-07A6-4A85-8A01-7B2FE7927A6A}"
EndProject
Project("{FAE04EC0-301F-11D3-BF4B-00C04F79EFBC}") = "Task_5_1", "Task_5_1\Task_5_1.csproj", "{73B952A7-2925-4D94-81CD-92ED8AB1E552}"
EndProject
Project("{FAE04EC0-301F-11D3-BF4B-00C04F79EFBC}") = "Task_5_2", "Task_5_2\Task_5_2.csproj", "{C4C8B9C4-6B3F-42DB-AA0B-35A2B1ACB7E7}"
EndProject
Project("{FAE04EC0-301F-11D3-BF4B-00C04F79EFBC}") = "Task_5_3", "Task_5_3\Task_5_3.csproj", "{F9A1F615-70DC-4D55-8E34-BF54066ED813}"
EndProject
Project("{FAE04EC0-301F-11D3-BF4B-00C04F79EFBC}") = "Task_5_4", "Task_5_4\Task_5_4.csproj", "{919AD4D4-7C1A-408A-932E-3BA7107616F3}"
EndProject
Project("{FAE04EC0-301F-11D3-BF4B-00C04F79EFBC}") = "Task_6_1", "Task_6_1\Task_6_1.csproj", "{D3FAC3C6-CDE0-4F7A-B8C9-49298B0B9DF8}"
EndProject
Project("{FAE04EC0-301F-11D3-BF4B-00C04F79EFBC}") = "Task_6_2", "Task_6_2\Task_6_2.csproj", "{D2F03BC8-E2AC-47F1-8CA9-DC405A741A42}"
EndProject
Project("{FAE04EC0-301F-11D3-BF4B-00C04F79EFBC}") = "Task_7_1", "Task_7_1\Task_7_1.csproj", "{D48820EF-90DF-4CDD-983C-8BB5F14D49AE}"
EndProject
Project("{2150E333-8FDC-42A3-9474-1A3956D46DE8}") = "Task_5_1", "Task_5_1", "{1613AE07-FA24-4B1F-8456-4F1FDF1222B8}"
EndProject
Project("{FAE04EC0-301F-11D3-BF4B-00C04F79EFBC}") = "Program_1", "Task_5_1\Program_1\Program_1.csproj", "{0822960B-8A3A-4216-B189-1052AD6100A7}"
EndProject
Project("{FAE04EC0-301F-11D3-BF4B-00C04F79EFBC}") = "Program_2", "Task_5_1\Program_2\Program_2.csproj", "{7D5B99E6-6FC0-4134-8D30-5A31351A0744}"
EndProject
Project("{FAE04EC0-301F-11D3-BF4B-00C04F79EFBC}") = "Program_3", "Task_5_1\Program_3\Program_3.csproj", "{8C4D8916-40CB-4681-A237-ECC2B314A913}"
EndProject
Global
	GlobalSection(SolutionConfigurationPlatforms) = preSolution
		Debug|Any CPU = Debug|Any CPU
		Debug|x64 = Debug|x64
		Debug|x86 = Debug|x86
		Release|Any CPU = Release|Any CPU
		Release|x64 = Release|x64
		Release|x86 = Release|x86
	EndGlobalSection
	GlobalSection(SolutionProperties) = preSolution
		HideSolutionNode = FALSE
	EndGlobalSection
	GlobalSection(ProjectConfigurationPlatforms) = postSolution
		{C286A046-B98E-45FB-9AD4-4982FE593EA5}.Debug|Any CPU.ActiveCfg = Debug|Any CPU
		{C286A046-B98E-45FB-9AD4-4982FE593EA5}.Debug|Any CPU.Build.0 = Debug|Any CPU
		{C286A046-B98E-45FB-9AD4-4982FE593EA5}.Debug|x64.ActiveCfg = Debug|Any CPU
		{C286A046-B98E-45FB-9AD4-4982FE593EA5}.Debug|x64.Build.0 = Debug|Any CPU
		{C286A046-B98E-45FB-9AD4-4982FE593EA5}.Debug|x86.ActiveCfg = Debug|Any CPU
		{C286A046-B98E-45FB-9AD4-4982FE593EA5}.Debug|x86.Build.0 = Debug|Any CPU
		{C286A046-B98E-45FB-9AD4-4982FE593EA5}.Release|Any CPU.ActiveCfg = Release|Any CPU
		{C286A046-B98E-45FB-9AD4-4982FE593EA5}.Release|Any CPU.Build.0 = Release|Any CPU
		{C286A046-B98E-45FB-9AD4-4982FE593EA5}.Release|x64.ActiveCfg = Release|Any CPU
		{C286A046-B98E-45FB-9AD4-4982FE593EA5}.Release|x64.Build.0 = Release|Any CPU
		{C286A046-B98E-45FB-9AD4-4982FE593EA5}.Release|x86.ActiveCfg = Release|Any CPU
		{C286A046-B98E-45FB-9AD4-4982FE593EA5}.Release|x86.Build.0 = Release|Any CPU
		{3AD43F30-A6B7-447D-B1FF-0E31BF4948B0}.Debug|Any CPU.ActiveCfg = Debug|Any CPU
		{3AD43F30-A6B7-447D-B1FF-0E31BF4948B0}.Debug|Any CPU.Build.0 = Debug|Any CPU
		{3AD43F30-A6B7-447D-B1FF-0E31BF4948B0}.Debug|x64.ActiveCfg = Debug|Any CPU
		{3AD43F30-A6B7-447D-B1FF-0E31BF4948B0}.Debug|x64.Build.0 = Debug|Any CPU
		{3AD43F30-A6B7-447D-B1FF-0E31BF4948B0}.Debug|x86.ActiveCfg = Debug|Any CPU
		{3AD43F30-A6B7-447D-B1FF-0E31BF4948B0}.Debug|x86.Build.0 = Debug|Any CPU
		{3AD43F30-A6B7-447D-B1FF-0E31BF4948B0}.Release|Any CPU.ActiveCfg = Release|Any CPU
		{3AD43F30-A6B7-447D-B1FF-0E31BF4948B0}.Release|Any CPU.Build.0 = Release|Any CPU
		{3AD43F30-A6B7-447D-B1FF-0E31BF4948B0}.Release|x64.ActiveCfg = Release|Any CPU
		{3AD43F30-A6B7-447D-B1FF-0E31BF4948B0}.Release|x64.Build.0 = Release|Any CPU
		{3AD43F30-A6B7-447D-B1FF-0E31BF4948B0}.Release|x86.ActiveCfg = Release|Any CPU
		{3AD43F30-A6B7-447D-B1FF-0E31BF4948B0}.Release|x86.Build.0 = Release|Any CPU
		{953F4E3F-D939-4B94-97B2-822AA38FBA2E}.Debug|Any CPU.ActiveCfg = Debug|Any CPU
		{953F4E3F-D939-4B94-97B2-822AA38FBA2E}.Debug|Any CPU.Build.0 = Debug|Any CPU
		{953F4E3F-D939-4B94-97B2-822AA38FBA2E}.Debug|x64.ActiveCfg = Debug|Any CPU
		{953F4E3F-D939-4B94-97B2-822AA38FBA2E}.Debug|x64.Build.0 = Debug|Any CPU
		{953F4E3F-D939-4B94-97B2-822AA38FBA2E}.Debug|x86.ActiveCfg = Debug|Any CPU
		{953F4E3F-D939-4B94-97B2-822AA38FBA2E}.Debug|x86.Build.0 = Debug|Any CPU
		{953F4E3F-D939-4B94-97B2-822AA38FBA2E}.Release|Any CPU.ActiveCfg = Release|Any CPU
		{953F4E3F-D939-4B94-97B2-822AA38FBA2E}.Release|Any CPU.Build.0 = Release|Any CPU
		{953F4E3F-D939-4B94-97B2-822AA38FBA2E}.Release|x64.ActiveCfg = Release|Any CPU
		{953F4E3F-D939-4B94-97B2-822AA38FBA2E}.Release|x64.Build.0 = Release|Any CPU
		{953F4E3F-D939-4B94-97B2-822AA38FBA2E}.Release|x86.ActiveCfg = Release|Any CPU
		{953F4E3F-D939-4B94-97B2-822AA38FBA2E}.Release|x86.Build.0 = Release|Any CPU
		{0946AE4F-E793-480A-8C54-081592E6428C}.Debug|Any CPU.ActiveCfg = Debug|Any CPU
		{0946AE4F-E793-480A-8C54-081592E6428C}.Debug|Any CPU.Build.0 = Debug|Any CPU
		{0946AE4F-E793-480A-8C54-081592E6428C}.Debug|x64.ActiveCfg = Debug|Any CPU
		{0946AE4F-E793-480A-8C54-081592E6428C}.Debug|x64.Build.0 = Debug|Any CPU
		{0946AE4F-E793-480A-8C54-081592E6428C}.Debug|x86.ActiveCfg = Debug|Any CPU
		{0946AE4F-E793-480A-8C54-081592E6428C}.Debug|x86.Build.0 = Debug|Any CPU
		{0946AE4F-E793-480A-8C54-081592E6428C}.Release|Any CPU.ActiveCfg = Release|Any CPU
		{0946AE4F-E793-480A-8C54-081592E6428C}.Release|Any CPU.Build.0 = Release|Any CPU
		{0946AE4F-E793-480A-8C54-081592E6428C}.Release|x64.ActiveCfg = Release|Any CPU
		{0946AE4F-E793-480A-8C54-081592E6428C}.Release|x64.Build.0 = Release|Any CPU
		{0946AE4F-E793-480A-8C54-081592E6428C}.Release|x86.ActiveCfg = Release|Any CPU
		{0946AE4F-E793-480A-8C54-081592E6428C}.Release|x86.Build.0 = Release|Any CPU
		{087F5E44-1FD8-48EA-9443-C7CDF158DE18}.Debug|Any CPU.ActiveCfg = Debug|Any CPU
		{087F5E44-1FD8-48EA-9443-C7CDF158DE18}.Debug|Any CPU.Build.0 = Debug|Any CPU
		{087F5E44-1FD8-48EA-9443-C7CDF158DE18}.Debug|x64.ActiveCfg = Debug|Any CPU
		{087F5E44-1FD8-48EA-9443-C7CDF158DE18}.Debug|x64.Build.0 = Debug|Any CPU
		{087F5E44-1FD8-48EA-9443-C7CDF158DE18}.Debug|x86.ActiveCfg = Debug|Any CPU
		{087F5E44-1FD8-48EA-9443-C7CDF158DE18}.Debug|x86.Build.0 = Debug|Any CPU
		{087F5E44-1FD8-48EA-9443-C7CDF158DE18}.Release|Any CPU.ActiveCfg = Release|Any CPU
		{087F5E44-1FD8-48EA-9443-C7CDF158DE18}.Release|Any CPU.Build.0 = Release|Any CPU
		{087F5E44-1FD8-48EA-9443-C7CDF158DE18}.Release|x64.ActiveCfg = Release|Any CPU
		{087F5E44-1FD8-48EA-9443-C7CDF158DE18}.Release|x64.Build.0 = Release|Any CPU
		{087F5E44-1FD8-48EA-9443-C7CDF158DE18}.Release|x86.ActiveCfg = Release|Any CPU
		{087F5E44-1FD8-48EA-9443-C7CDF158DE18}.Release|x86.Build.0 = Release|Any CPU
		{4EB9491B-6FA2-404A-86BA-9565D2684C9B}.Debug|Any CPU.ActiveCfg = Debug|Any CPU
		{4EB9491B-6FA2-404A-86BA-9565D2684C9B}.Debug|Any CPU.Build.0 = Debug|Any CPU
		{4EB9491B-6FA2-404A-86BA-9565D2684C9B}.Debug|x64.ActiveCfg = Debug|Any CPU
		{4EB9491B-6FA2-404A-86BA-9565D2684C9B}.Debug|x64.Build.0 = Debug|Any CPU
		{4EB9491B-6FA2-404A-86BA-9565D2684C9B}.Debug|x86.ActiveCfg = Debug|Any CPU
		{4EB9491B-6FA2-404A-86BA-9565D2684C9B}.Debug|x86.Build.0 = Debug|Any CPU
		{4EB9491B-6FA2-404A-86BA-9565D2684C9B}.Release|Any CPU.ActiveCfg = Release|Any CPU
		{4EB9491B-6FA2-404A-86BA-9565D2684C9B}.Release|Any CPU.Build.0 = Release|Any CPU
		{4EB9491B-6FA2-404A-86BA-9565D2684C9B}.Release|x64.ActiveCfg = Release|Any CPU
		{4EB9491B-6FA2-404A-86BA-9565D2684C9B}.Release|x64.Build.0 = Release|Any CPU
		{4EB9491B-6FA2-404A-86BA-9565D2684C9B}.Release|x86.ActiveCfg = Release|Any CPU
		{4EB9491B-6FA2-404A-86BA-9565D2684C9B}.Release|x86.Build.0 = Release|Any CPU
		{84CCF904-0518-4295-97CF-1F89514272BE}.Debug|Any CPU.ActiveCfg = Debug|Any CPU
		{84CCF904-0518-4295-97CF-1F89514272BE}.Debug|Any CPU.Build.0 = Debug|Any CPU
		{84CCF904-0518-4295-97CF-1F89514272BE}.Debug|x64.ActiveCfg = Debug|Any CPU
		{84CCF904-0518-4295-97CF-1F89514272BE}.Debug|x64.Build.0 = Debug|Any CPU
		{84CCF904-0518-4295-97CF-1F89514272BE}.Debug|x86.ActiveCfg = Debug|Any CPU
		{84CCF904-0518-4295-97CF-1F89514272BE}.Debug|x86.Build.0 = Debug|Any CPU
		{84CCF904-0518-4295-97CF-1F89514272BE}.Release|Any CPU.ActiveCfg = Release|Any CPU
		{84CCF904-0518-4295-97CF-1F89514272BE}.Release|Any CPU.Build.0 = Release|Any CPU
		{84CCF904-0518-4295-97CF-1F89514272BE}.Release|x64.ActiveCfg = Release|Any CPU
		{84CCF904-0518-4295-97CF-1F89514272BE}.Release|x64.Build.0 = Release|Any CPU
		{84CCF904-0518-4295-97CF-1F89514272BE}.Release|x86.ActiveCfg = Release|Any CPU
		{84CCF904-0518-4295-97CF-1F89514272BE}.Release|x86.Build.0 = Release|Any CPU
		{8E4678F9-ED82-44DA-AC71-8B878FEB10BC}.Debug|Any CPU.ActiveCfg = Debug|Any CPU
		{8E4678F9-ED82-44DA-AC71-8B878FEB10BC}.Debug|Any CPU.Build.0 = Debug|Any CPU
		{8E4678F9-ED82-44DA-AC71-8B878FEB10BC}.Debug|x64.ActiveCfg = Debug|Any CPU
		{8E4678F9-ED82-44DA-AC71-8B878FEB10BC}.Debug|x64.Build.0 = Debug|Any CPU
		{8E4678F9-ED82-44DA-AC71-8B878FEB10BC}.Debug|x86.ActiveCfg = Debug|Any CPU
		{8E4678F9-ED82-44DA-AC71-8B878FEB10BC}.Debug|x86.Build.0 = Debug|Any CPU
		{8E4678F9-ED82-44DA-AC71-8B878FEB10BC}.Release|Any CPU.ActiveCfg = Release|Any CPU
		{8E4678F9-ED82-44DA-AC71-8B878FEB10BC}.Release|Any CPU.Build.0 = Release|Any CPU
		{8E4678F9-ED82-44DA-AC71-8B878FEB10BC}.Release|x64.ActiveCfg = Release|Any CPU
		{8E4678F9-ED82-44DA-AC71-8B878FEB10BC}.Release|x64.Build.0 = Release|Any CPU
		{8E4678F9-ED82-44DA-AC71-8B878FEB10BC}.Release|x86.ActiveCfg = Release|Any CPU
		{8E4678F9-ED82-44DA-AC71-8B878FEB10BC}.Release|x86.Build.0 = Release|Any CPU
		{D1A0BB62-2099-4994-8621-93341DAE5DF8}.Debug|Any CPU.ActiveCfg = Debug|Any CPU
		{D1A0BB62-2099-4994-8621-93341DAE5DF8}.Debug|Any CPU.Build.0 = Debug|Any CPU
		{D1A0BB62-2099-4994-8621-93341DAE5DF8}.Debug|x64.ActiveCfg = Debug|Any CPU
		{D1A0BB62-2099-4994-8621-93341DAE5DF8}.Debug|x64.Build.0 = Debug|Any CPU
		{D1A0BB62-2099-4994-8621-93341DAE5DF8}.Debug|x86.ActiveCfg = Debug|Any CPU
		{D1A0BB62-2099-4994-8621-93341DAE5DF8}.Debug|x86.Build.0 = Debug|Any CPU
		{D1A0BB62-2099-4994-8621-93341DAE5DF8}.Release|Any CPU.ActiveCfg = Release|Any CPU
		{D1A0BB62-2099-4994-8621-93341DAE5DF8}.Release|Any CPU.Build.0 = Release|Any CPU
		{D1A0BB62-2099-4994-8621-93341DAE5DF8}.Release|x64.ActiveCfg = Release|Any CPU
		{D1A0BB62-2099-4994-8621-93341DAE5DF8}.Release|x64.Build.0 = Release|Any CPU
		{D1A0BB62-2099-4994-8621-93341DAE5DF8}.Release|x86.ActiveCfg = Release|Any CPU
		{D1A0BB62-2099-4994-8621-93341DAE5DF8}.Release|x86.Build.0 = Release|Any CPU
		{DE3727A7-0361-4134-9A6A-5AA1F0B6C89F}.Debug|Any CPU.ActiveCfg = Debug|Any CPU
		{DE3727A7-0361-4134-9A6A-5AA1F0B6C89F}.Debug|Any CPU.Build.0 = Debug|Any CPU
		{DE3727A7-0361-4134-9A6A-5AA1F0B6C89F}.Debug|x64.ActiveCfg = Debug|Any CPU
		{DE3727A7-0361-4134-9A6A-5AA1F0B6C89F}.Debug|x64.Build.0 = Debug|Any CPU
		{DE3727A7-0361-4134-9A6A-5AA1F0B6C89F}.Debug|x86.ActiveCfg = Debug|Any CPU
		{DE3727A7-0361-4134-9A6A-5AA1F0B6C89F}.Debug|x86.Build.0 = Debug|Any CPU
		{DE3727A7-0361-4134-9A6A-5AA1F0B6C89F}.Release|Any CPU.ActiveCfg = Release|Any CPU
		{DE3727A7-0361-4134-9A6A-5AA1F0B6C89F}.Release|Any CPU.Build.0 = Release|Any CPU
		{DE3727A7-0361-4134-9A6A-5AA1F0B6C89F}.Release|x64.ActiveCfg = Release|Any CPU
		{DE3727A7-0361-4134-9A6A-5AA1F0B6C89F}.Release|x64.Build.0 = Release|Any CPU
		{DE3727A7-0361-4134-9A6A-5AA1F0B6C89F}.Release|x86.ActiveCfg = Release|Any CPU
		{DE3727A7-0361-4134-9A6A-5AA1F0B6C89F}.Release|x86.Build.0 = Release|Any CPU
		{AC620C23-373F-4ED9-A5C3-1B9E6D885D03}.Debug|Any CPU.ActiveCfg = Debug|Any CPU
		{AC620C23-373F-4ED9-A5C3-1B9E6D885D03}.Debug|Any CPU.Build.0 = Debug|Any CPU
		{AC620C23-373F-4ED9-A5C3-1B9E6D885D03}.Debug|x64.ActiveCfg = Debug|Any CPU
		{AC620C23-373F-4ED9-A5C3-1B9E6D885D03}.Debug|x64.Build.0 = Debug|Any CPU
		{AC620C23-373F-4ED9-A5C3-1B9E6D885D03}.Debug|x86.ActiveCfg = Debug|Any CPU
		{AC620C23-373F-4ED9-A5C3-1B9E6D885D03}.Debug|x86.Build.0 = Debug|Any CPU
		{AC620C23-373F-4ED9-A5C3-1B9E6D885D03}.Release|Any CPU.ActiveCfg = Release|Any CPU
		{AC620C23-373F-4ED9-A5C3-1B9E6D885D03}.Release|Any CPU.Build.0 = Release|Any CPU
		{AC620C23-373F-4ED9-A5C3-1B9E6D885D03}.Release|x64.ActiveCfg = Release|Any CPU
		{AC620C23-373F-4ED9-A5C3-1B9E6D885D03}.Release|x64.Build.0 = Release|Any CPU
		{AC620C23-373F-4ED9-A5C3-1B9E6D885D03}.Release|x86.ActiveCfg = Release|Any CPU
		{AC620C23-373F-4ED9-A5C3-1B9E6D885D03}.Release|x86.Build.0 = Release|Any CPU
		{CF617681-BADE-47D8-AC00-1740340C17C1}.Debug|Any CPU.ActiveCfg = Debug|Any CPU
		{CF617681-BADE-47D8-AC00-1740340C17C1}.Debug|Any CPU.Build.0 = Debug|Any CPU
		{CF617681-BADE-47D8-AC00-1740340C17C1}.Debug|x64.ActiveCfg = Debug|Any CPU
		{CF617681-BADE-47D8-AC00-1740340C17C1}.Debug|x64.Build.0 = Debug|Any CPU
		{CF617681-BADE-47D8-AC00-1740340C17C1}.Debug|x86.ActiveCfg = Debug|Any CPU
		{CF617681-BADE-47D8-AC00-1740340C17C1}.Debug|x86.Build.0 = Debug|Any CPU
		{CF617681-BADE-47D8-AC00-1740340C17C1}.Release|Any CPU.ActiveCfg = Release|Any CPU
		{CF617681-BADE-47D8-AC00-1740340C17C1}.Release|Any CPU.Build.0 = Release|Any CPU
		{CF617681-BADE-47D8-AC00-1740340C17C1}.Release|x64.ActiveCfg = Release|Any CPU
		{CF617681-BADE-47D8-AC00-1740340C17C1}.Release|x64.Build.0 = Release|Any CPU
		{CF617681-BADE-47D8-AC00-1740340C17C1}.Release|x86.ActiveCfg = Release|Any CPU
		{CF617681-BADE-47D8-AC00-1740340C17C1}.Release|x86.Build.0 = Release|Any CPU
		{993D5C1E-793D-4A99-8CF1-B5ACDB0C873D}.Debug|Any CPU.ActiveCfg = Debug|Any CPU
		{993D5C1E-793D-4A99-8CF1-B5ACDB0C873D}.Debug|Any CPU.Build.0 = Debug|Any CPU
		{993D5C1E-793D-4A99-8CF1-B5ACDB0C873D}.Debug|x64.ActiveCfg = Debug|Any CPU
		{993D5C1E-793D-4A99-8CF1-B5ACDB0C873D}.Debug|x64.Build.0 = Debug|Any CPU
		{993D5C1E-793D-4A99-8CF1-B5ACDB0C873D}.Debug|x86.ActiveCfg = Debug|Any CPU
		{993D5C1E-793D-4A99-8CF1-B5ACDB0C873D}.Debug|x86.Build.0 = Debug|Any CPU
		{993D5C1E-793D-4A99-8CF1-B5ACDB0C873D}.Release|Any CPU.ActiveCfg = Release|Any CPU
		{993D5C1E-793D-4A99-8CF1-B5ACDB0C873D}.Release|Any CPU.Build.0 = Release|Any CPU
		{993D5C1E-793D-4A99-8CF1-B5ACDB0C873D}.Release|x64.ActiveCfg = Release|Any CPU
		{993D5C1E-793D-4A99-8CF1-B5ACDB0C873D}.Release|x64.Build.0 = Release|Any CPU
		{993D5C1E-793D-4A99-8CF1-B5ACDB0C873D}.Release|x86.ActiveCfg = Release|Any CPU
		{993D5C1E-793D-4A99-8CF1-B5ACDB0C873D}.Release|x86.Build.0 = Release|Any CPU
		{E12C78CC-8B85-45C2-830F-E9757382BFDF}.Debug|Any CPU.ActiveCfg = Debug|Any CPU
		{E12C78CC-8B85-45C2-830F-E9757382BFDF}.Debug|Any CPU.Build.0 = Debug|Any CPU
		{E12C78CC-8B85-45C2-830F-E9757382BFDF}.Debug|x64.ActiveCfg = Debug|Any CPU
		{E12C78CC-8B85-45C2-830F-E9757382BFDF}.Debug|x64.Build.0 = Debug|Any CPU
		{E12C78CC-8B85-45C2-830F-E9757382BFDF}.Debug|x86.ActiveCfg = Debug|Any CPU
		{E12C78CC-8B85-45C2-830F-E9757382BFDF}.Debug|x86.Build.0 = Debug|Any CPU
		{E12C78CC-8B85-45C2-830F-E9757382BFDF}.Release|Any CPU.ActiveCfg = Release|Any CPU
		{E12C78CC-8B85-45C2-830F-E9757382BFDF}.Release|Any CPU.Build.0 = Release|Any CPU
		{E12C78CC-8B85-45C2-830F-E9757382BFDF}.Release|x64.ActiveCfg = Release|Any CPU
		{E12C78CC-8B85-45C2-830F-E9757382BFDF}.Release|x64.Build.0 = Release|Any CPU
		{E12C78CC-8B85-45C2-830F-E9757382BFDF}.Release|x86.ActiveCfg = Release|Any CPU
		{E12C78CC-8B85-45C2-830F-E9757382BFDF}.Release|x86.Build.0 = Release|Any CPU
		{33CC000F-9560-4F17-9EAA-BCD96799BA81}.Debug|Any CPU.ActiveCfg = Debug|Any CPU
		{33CC000F-9560-4F17-9EAA-BCD96799BA81}.Debug|Any CPU.Build.0 = Debug|Any CPU
		{33CC000F-9560-4F17-9EAA-BCD96799BA81}.Debug|x64.ActiveCfg = Debug|Any CPU
		{33CC000F-9560-4F17-9EAA-BCD96799BA81}.Debug|x64.Build.0 = Debug|Any CPU
		{33CC000F-9560-4F17-9EAA-BCD96799BA81}.Debug|x86.ActiveCfg = Debug|Any CPU
		{33CC000F-9560-4F17-9EAA-BCD96799BA81}.Debug|x86.Build.0 = Debug|Any CPU
		{33CC000F-9560-4F17-9EAA-BCD96799BA81}.Release|Any CPU.ActiveCfg = Release|Any CPU
		{33CC000F-9560-4F17-9EAA-BCD96799BA81}.Release|Any CPU.Build.0 = Release|Any CPU
		{33CC000F-9560-4F17-9EAA-BCD96799BA81}.Release|x64.ActiveCfg = Release|Any CPU
		{33CC000F-9560-4F17-9EAA-BCD96799BA81}.Release|x64.Build.0 = Release|Any CPU
		{33CC000F-9560-4F17-9EAA-BCD96799BA81}.Release|x86.ActiveCfg = Release|Any CPU
		{33CC000F-9560-4F17-9EAA-BCD96799BA81}.Release|x86.Build.0 = Release|Any CPU
		{919E95AF-2EDE-4AE0-9AD7-87E580310DC2}.Debug|Any CPU.ActiveCfg = Debug|Any CPU
		{919E95AF-2EDE-4AE0-9AD7-87E580310DC2}.Debug|Any CPU.Build.0 = Debug|Any CPU
		{919E95AF-2EDE-4AE0-9AD7-87E580310DC2}.Debug|x64.ActiveCfg = Debug|Any CPU
		{919E95AF-2EDE-4AE0-9AD7-87E580310DC2}.Debug|x64.Build.0 = Debug|Any CPU
		{919E95AF-2EDE-4AE0-9AD7-87E580310DC2}.Debug|x86.ActiveCfg = Debug|Any CPU
		{919E95AF-2EDE-4AE0-9AD7-87E580310DC2}.Debug|x86.Build.0 = Debug|Any CPU
		{919E95AF-2EDE-4AE0-9AD7-87E580310DC2}.Release|Any CPU.ActiveCfg = Release|Any CPU
		{919E95AF-2EDE-4AE0-9AD7-87E580310DC2}.Release|Any CPU.Build.0 = Release|Any CPU
		{919E95AF-2EDE-4AE0-9AD7-87E580310DC2}.Release|x64.ActiveCfg = Release|Any CPU
		{919E95AF-2EDE-4AE0-9AD7-87E580310DC2}.Release|x64.Build.0 = Release|Any CPU
		{919E95AF-2EDE-4AE0-9AD7-87E580310DC2}.Release|x86.ActiveCfg = Release|Any CPU
		{919E95AF-2EDE-4AE0-9AD7-87E580310DC2}.Release|x86.Build.0 = Release|Any CPU
		{994CBA8D-E2AA-4F02-B410-0673DF628CDA}.Debug|Any CPU.ActiveCfg = Debug|Any CPU
		{994CBA8D-E2AA-4F02-B410-0673DF628CDA}.Debug|Any CPU.Build.0 = Debug|Any CPU
		{994CBA8D-E2AA-4F02-B410-0673DF628CDA}.Debug|x64.ActiveCfg = Debug|Any CPU
		{994CBA8D-E2AA-4F02-B410-0673DF628CDA}.Debug|x64.Build.0 = Debug|Any CPU
		{994CBA8D-E2AA-4F02-B410-0673DF628CDA}.Debug|x86.ActiveCfg = Debug|Any CPU
		{994CBA8D-E2AA-4F02-B410-0673DF628CDA}.Debug|x86.Build.0 = Debug|Any CPU
		{994CBA8D-E2AA-4F02-B410-0673DF628CDA}.Release|Any CPU.ActiveCfg = Release|Any CPU
		{994CBA8D-E2AA-4F02-B410-0673DF628CDA}.Release|Any CPU.Build.0 = Release|Any CPU
		{994CBA8D-E2AA-4F02-B410-0673DF628CDA}.Release|x64.ActiveCfg = Release|Any CPU
		{994CBA8D-E2AA-4F02-B410-0673DF628CDA}.Release|x64.Build.0 = Release|Any CPU
		{994CBA8D-E2AA-4F02-B410-0673DF628CDA}.Release|x86.ActiveCfg = Release|Any CPU
		{994CBA8D-E2AA-4F02-B410-0673DF628CDA}.Release|x86.Build.0 = Release|Any CPU
		{EE95AECA-3147-4F40-80A2-D358A5C69923}.Debug|Any CPU.ActiveCfg = Debug|Any CPU
		{EE95AECA-3147-4F40-80A2-D358A5C69923}.Debug|Any CPU.Build.0 = Debug|Any CPU
		{EE95AECA-3147-4F40-80A2-D358A5C69923}.Debug|x64.ActiveCfg = Debug|Any CPU
		{EE95AECA-3147-4F40-80A2-D358A5C69923}.Debug|x64.Build.0 = Debug|Any CPU
		{EE95AECA-3147-4F40-80A2-D358A5C69923}.Debug|x86.ActiveCfg = Debug|Any CPU
		{EE95AECA-3147-4F40-80A2-D358A5C69923}.Debug|x86.Build.0 = Debug|Any CPU
		{EE95AECA-3147-4F40-80A2-D358A5C69923}.Release|Any CPU.ActiveCfg = Release|Any CPU
		{EE95AECA-3147-4F40-80A2-D358A5C69923}.Release|Any CPU.Build.0 = Release|Any CPU
		{EE95AECA-3147-4F40-80A2-D358A5C69923}.Release|x64.ActiveCfg = Release|Any CPU
		{EE95AECA-3147-4F40-80A2-D358A5C69923}.Release|x64.Build.0 = Release|Any CPU
		{EE95AECA-3147-4F40-80A2-D358A5C69923}.Release|x86.ActiveCfg = Release|Any CPU
		{EE95AECA-3147-4F40-80A2-D358A5C69923}.Release|x86.Build.0 = Release|Any CPU
		{8280F161-9699-4476-B902-3E41E8A8DFA5}.Debug|Any CPU.ActiveCfg = Debug|Any CPU
		{8280F161-9699-4476-B902-3E41E8A8DFA5}.Debug|Any CPU.Build.0 = Debug|Any CPU
		{8280F161-9699-4476-B902-3E41E8A8DFA5}.Debug|x64.ActiveCfg = Debug|Any CPU
		{8280F161-9699-4476-B902-3E41E8A8DFA5}.Debug|x64.Build.0 = Debug|Any CPU
		{8280F161-9699-4476-B902-3E41E8A8DFA5}.Debug|x86.ActiveCfg = Debug|Any CPU
		{8280F161-9699-4476-B902-3E41E8A8DFA5}.Debug|x86.Build.0 = Debug|Any CPU
		{8280F161-9699-4476-B902-3E41E8A8DFA5}.Release|Any CPU.ActiveCfg = Release|Any CPU
		{8280F161-9699-4476-B902-3E41E8A8DFA5}.Release|Any CPU.Build.0 = Release|Any CPU
		{8280F161-9699-4476-B902-3E41E8A8DFA5}.Release|x64.ActiveCfg = Release|Any CPU
		{8280F161-9699-4476-B902-3E41E8A8DFA5}.Release|x64.Build.0 = Release|Any CPU
		{8280F161-9699-4476-B902-3E41E8A8DFA5}.Release|x86.ActiveCfg = Release|Any CPU
		{8280F161-9699-4476-B902-3E41E8A8DFA5}.Release|x86.Build.0 = Release|Any CPU
		{BF26A010-017B-4B33-AFA6-D42CA4B01B8C}.Debug|Any CPU.ActiveCfg = Debug|Any CPU
		{BF26A010-017B-4B33-AFA6-D42CA4B01B8C}.Debug|Any CPU.Build.0 = Debug|Any CPU
		{BF26A010-017B-4B33-AFA6-D42CA4B01B8C}.Debug|x64.ActiveCfg = Debug|Any CPU
		{BF26A010-017B-4B33-AFA6-D42CA4B01B8C}.Debug|x64.Build.0 = Debug|Any CPU
		{BF26A010-017B-4B33-AFA6-D42CA4B01B8C}.Debug|x86.ActiveCfg = Debug|Any CPU
		{BF26A010-017B-4B33-AFA6-D42CA4B01B8C}.Debug|x86.Build.0 = Debug|Any CPU
		{BF26A010-017B-4B33-AFA6-D42CA4B01B8C}.Release|Any CPU.ActiveCfg = Release|Any CPU
		{BF26A010-017B-4B33-AFA6-D42CA4B01B8C}.Release|Any CPU.Build.0 = Release|Any CPU
		{BF26A010-017B-4B33-AFA6-D42CA4B01B8C}.Release|x64.ActiveCfg = Release|Any CPU
		{BF26A010-017B-4B33-AFA6-D42CA4B01B8C}.Release|x64.Build.0 = Release|Any CPU
		{BF26A010-017B-4B33-AFA6-D42CA4B01B8C}.Release|x86.ActiveCfg = Release|Any CPU
		{BF26A010-017B-4B33-AFA6-D42CA4B01B8C}.Release|x86.Build.0 = Release|Any CPU
		{F1F3D909-3CC9-4A24-B877-1DA1735B1C95}.Debug|Any CPU.ActiveCfg = Debug|Any CPU
		{F1F3D909-3CC9-4A24-B877-1DA1735B1C95}.Debug|Any CPU.Build.0 = Debug|Any CPU
		{F1F3D909-3CC9-4A24-B877-1DA1735B1C95}.Debug|x64.ActiveCfg = Debug|Any CPU
		{F1F3D909-3CC9-4A24-B877-1DA1735B1C95}.Debug|x64.Build.0 = Debug|Any CPU
		{F1F3D909-3CC9-4A24-B877-1DA1735B1C95}.Debug|x86.ActiveCfg = Debug|Any CPU
		{F1F3D909-3CC9-4A24-B877-1DA1735B1C95}.Debug|x86.Build.0 = Debug|Any CPU
		{F1F3D909-3CC9-4A24-B877-1DA1735B1C95}.Release|Any CPU.ActiveCfg = Release|Any CPU
		{F1F3D909-3CC9-4A24-B877-1DA1735B1C95}.Release|Any CPU.Build.0 = Release|Any CPU
		{F1F3D909-3CC9-4A24-B877-1DA1735B1C95}.Release|x64.ActiveCfg = Release|Any CPU
		{F1F3D909-3CC9-4A24-B877-1DA1735B1C95}.Release|x64.Build.0 = Release|Any CPU
		{F1F3D909-3CC9-4A24-B877-1DA1735B1C95}.Release|x86.ActiveCfg = Release|Any CPU
		{F1F3D909-3CC9-4A24-B877-1DA1735B1C95}.Release|x86.Build.0 = Release|Any CPU
		{5B72B598-07A6-4A85-8A01-7B2FE7927A6A}.Debug|Any CPU.ActiveCfg = Debug|Any CPU
		{5B72B598-07A6-4A85-8A01-7B2FE7927A6A}.Debug|Any CPU.Build.0 = Debug|Any CPU
		{5B72B598-07A6-4A85-8A01-7B2FE7927A6A}.Debug|x64.ActiveCfg = Debug|Any CPU
		{5B72B598-07A6-4A85-8A01-7B2FE7927A6A}.Debug|x64.Build.0 = Debug|Any CPU
		{5B72B598-07A6-4A85-8A01-7B2FE7927A6A}.Debug|x86.ActiveCfg = Debug|Any CPU
		{5B72B598-07A6-4A85-8A01-7B2FE7927A6A}.Debug|x86.Build.0 = Debug|Any CPU
		{5B72B598-07A6-4A85-8A01-7B2FE7927A6A}.Release|Any CPU.ActiveCfg = Release|Any CPU
		{5B72B598-07A6-4A85-8A01-7B2FE7927A6A}.Release|Any CPU.Build.0 = Release|Any CPU
		{5B72B598-07A6-4A85-8A01-7B2FE7927A6A}.Release|x64.ActiveCfg = Release|Any CPU
		{5B72B598-07A6-4A85-8A01-7B2FE7927A6A}.Release|x64.Build.0 = Release|Any CPU
		{5B72B598-07A6-4A85-8A01-7B2FE7927A6A}.Release|x86.ActiveCfg = Release|Any CPU
		{5B72B598-07A6-4A85-8A01-7B2FE7927A6A}.Release|x86.Build.0 = Release|Any CPU
		{73B952A7-2925-4D94-81CD-92ED8AB1E552}.Debug|Any CPU.ActiveCfg = Debug|Any CPU
		{73B952A7-2925-4D94-81CD-92ED8AB1E552}.Debug|Any CPU.Build.0 = Debug|Any CPU
		{73B952A7-2925-4D94-81CD-92ED8AB1E552}.Debug|x64.ActiveCfg = Debug|Any CPU
		{73B952A7-2925-4D94-81CD-92ED8AB1E552}.Debug|x64.Build.0 = Debug|Any CPU
		{73B952A7-2925-4D94-81CD-92ED8AB1E552}.Debug|x86.ActiveCfg = Debug|Any CPU
		{73B952A7-2925-4D94-81CD-92ED8AB1E552}.Debug|x86.Build.0 = Debug|Any CPU
		{73B952A7-2925-4D94-81CD-92ED8AB1E552}.Release|Any CPU.ActiveCfg = Release|Any CPU
		{73B952A7-2925-4D94-81CD-92ED8AB1E552}.Release|Any CPU.Build.0 = Release|Any CPU
		{73B952A7-2925-4D94-81CD-92ED8AB1E552}.Release|x64.ActiveCfg = Release|Any CPU
		{73B952A7-2925-4D94-81CD-92ED8AB1E552}.Release|x64.Build.0 = Release|Any CPU
		{73B952A7-2925-4D94-81CD-92ED8AB1E552}.Release|x86.ActiveCfg = Release|Any CPU
		{73B952A7-2925-4D94-81CD-92ED8AB1E552}.Release|x86.Build.0 = Release|Any CPU
		{C4C8B9C4-6B3F-42DB-AA0B-35A2B1ACB7E7}.Debug|Any CPU.ActiveCfg = Debug|Any CPU
		{C4C8B9C4-6B3F-42DB-AA0B-35A2B1ACB7E7}.Debug|Any CPU.Build.0 = Debug|Any CPU
		{C4C8B9C4-6B3F-42DB-AA0B-35A2B1ACB7E7}.Debug|x64.ActiveCfg = Debug|Any CPU
		{C4C8B9C4-6B3F-42DB-AA0B-35A2B1ACB7E7}.Debug|x64.Build.0 = Debug|Any CPU
		{C4C8B9C4-6B3F-42DB-AA0B-35A2B1ACB7E7}.Debug|x86.ActiveCfg = Debug|Any CPU
		{C4C8B9C4-6B3F-42DB-AA0B-35A2B1ACB7E7}.Debug|x86.Build.0 = Debug|Any CPU
		{C4C8B9C4-6B3F-42DB-AA0B-35A2B1ACB7E7}.Release|Any CPU.ActiveCfg = Release|Any CPU
		{C4C8B9C4-6B3F-42DB-AA0B-35A2B1ACB7E7}.Release|Any CPU.Build.0 = Release|Any CPU
		{C4C8B9C4-6B3F-42DB-AA0B-35A2B1ACB7E7}.Release|x64.ActiveCfg = Release|Any CPU
		{C4C8B9C4-6B3F-42DB-AA0B-35A2B1ACB7E7}.Release|x64.Build.0 = Release|Any CPU
		{C4C8B9C4-6B3F-42DB-AA0B-35A2B1ACB7E7}.Release|x86.ActiveCfg = Release|Any CPU
		{C4C8B9C4-6B3F-42DB-AA0B-35A2B1ACB7E7}.Release|x86.Build.0 = Release|Any CPU
		{F9A1F615-70DC-4D55-8E34-BF54066ED813}.Debug|Any CPU.ActiveCfg = Debug|Any CPU
		{F9A1F615-70DC-4D55-8E34-BF54066ED813}.Debug|Any CPU.Build.0 = Debug|Any CPU
		{F9A1F615-70DC-4D55-8E34-BF54066ED813}.Debug|x64.ActiveCfg = Debug|Any CPU
		{F9A1F615-70DC-4D55-8E34-BF54066ED813}.Debug|x64.Build.0 = Debug|Any CPU
		{F9A1F615-70DC-4D55-8E34-BF54066ED813}.Debug|x86.ActiveCfg = Debug|Any CPU
		{F9A1F615-70DC-4D55-8E34-BF54066ED813}.Debug|x86.Build.0 = Debug|Any CPU
		{F9A1F615-70DC-4D55-8E34-BF54066ED813}.Release|Any CPU.ActiveCfg = Release|Any CPU
		{F9A1F615-70DC-4D55-8E34-BF54066ED813}.Release|Any CPU.Build.0 = Release|Any CPU
		{F9A1F615-70DC-4D55-8E34-BF54066ED813}.Release|x64.ActiveCfg = Release|Any CPU
		{F9A1F615-70DC-4D55-8E34-BF54066ED813}.Release|x64.Build.0 = Release|Any CPU
		{F9A1F615-70DC-4D55-8E34-BF54066ED813}.Release|x86.ActiveCfg = Release|Any CPU
		{F9A1F615-70DC-4D55-8E34-BF54066ED813}.Release|x86.Build.0 = Release|Any CPU
		{919AD4D4-7C1A-408A-932E-3BA7107616F3}.Debug|Any CPU.ActiveCfg = Debug|Any CPU
		{919AD4D4-7C1A-408A-932E-3BA7107616F3}.Debug|Any CPU.Build.0 = Debug|Any CPU
		{919AD4D4-7C1A-408A-932E-3BA7107616F3}.Debug|x64.ActiveCfg = Debug|Any CPU
		{919AD4D4-7C1A-408A-932E-3BA7107616F3}.Debug|x64.Build.0 = Debug|Any CPU
		{919AD4D4-7C1A-408A-932E-3BA7107616F3}.Debug|x86.ActiveCfg = Debug|Any CPU
		{919AD4D4-7C1A-408A-932E-3BA7107616F3}.Debug|x86.Build.0 = Debug|Any CPU
		{919AD4D4-7C1A-408A-932E-3BA7107616F3}.Release|Any CPU.ActiveCfg = Release|Any CPU
		{919AD4D4-7C1A-408A-932E-3BA7107616F3}.Release|Any CPU.Build.0 = Release|Any CPU
		{919AD4D4-7C1A-408A-932E-3BA7107616F3}.Release|x64.ActiveCfg = Release|Any CPU
		{919AD4D4-7C1A-408A-932E-3BA7107616F3}.Release|x64.Build.0 = Release|Any CPU
		{919AD4D4-7C1A-408A-932E-3BA7107616F3}.Release|x86.ActiveCfg = Release|Any CPU
		{919AD4D4-7C1A-408A-932E-3BA7107616F3}.Release|x86.Build.0 = Release|Any CPU
		{D3FAC3C6-CDE0-4F7A-B8C9-49298B0B9DF8}.Debug|Any CPU.ActiveCfg = Debug|Any CPU
		{D3FAC3C6-CDE0-4F7A-B8C9-49298B0B9DF8}.Debug|Any CPU.Build.0 = Debug|Any CPU
		{D3FAC3C6-CDE0-4F7A-B8C9-49298B0B9DF8}.Debug|x64.ActiveCfg = Debug|Any CPU
		{D3FAC3C6-CDE0-4F7A-B8C9-49298B0B9DF8}.Debug|x64.Build.0 = Debug|Any CPU
		{D3FAC3C6-CDE0-4F7A-B8C9-49298B0B9DF8}.Debug|x86.ActiveCfg = Debug|Any CPU
		{D3FAC3C6-CDE0-4F7A-B8C9-49298B0B9DF8}.Debug|x86.Build.0 = Debug|Any CPU
		{D3FAC3C6-CDE0-4F7A-B8C9-49298B0B9DF8}.Release|Any CPU.ActiveCfg = Release|Any CPU
		{D3FAC3C6-CDE0-4F7A-B8C9-49298B0B9DF8}.Release|Any CPU.Build.0 = Release|Any CPU
		{D3FAC3C6-CDE0-4F7A-B8C9-49298B0B9DF8}.Release|x64.ActiveCfg = Release|Any CPU
		{D3FAC3C6-CDE0-4F7A-B8C9-49298B0B9DF8}.Release|x64.Build.0 = Release|Any CPU
		{D3FAC3C6-CDE0-4F7A-B8C9-49298B0B9DF8}.Release|x86.ActiveCfg = Release|Any CPU
		{D3FAC3C6-CDE0-4F7A-B8C9-49298B0B9DF8}.Release|x86.Build.0 = Release|Any CPU
		{D2F03BC8-E2AC-47F1-8CA9-DC405A741A42}.Debug|Any CPU.ActiveCfg = Debug|Any CPU
		{D2F03BC8-E2AC-47F1-8CA9-DC405A741A42}.Debug|Any CPU.Build.0 = Debug|Any CPU
		{D2F03BC8-E2AC-47F1-8CA9-DC405A741A42}.Debug|x64.ActiveCfg = Debug|Any CPU
		{D2F03BC8-E2AC-47F1-8CA9-DC405A741A42}.Debug|x64.Build.0 = Debug|Any CPU
		{D2F03BC8-E2AC-47F1-8CA9-DC405A741A42}.Debug|x86.ActiveCfg = Debug|Any CPU
		{D2F03BC8-E2AC-47F1-8CA9-DC405A741A42}.Debug|x86.Build.0 = Debug|Any CPU
		{D2F03BC8-E2AC-47F1-8CA9-DC405A741A42}.Release|Any CPU.ActiveCfg = Release|Any CPU
		{D2F03BC8-E2AC-47F1-8CA9-DC405A741A42}.Release|Any CPU.Build.0 = Release|Any CPU
		{D2F03BC8-E2AC-47F1-8CA9-DC405A741A42}.Release|x64.ActiveCfg = Release|Any CPU
		{D2F03BC8-E2AC-47F1-8CA9-DC405A741A42}.Release|x64.Build.0 = Release|Any CPU
		{D2F03BC8-E2AC-47F1-8CA9-DC405A741A42}.Release|x86.ActiveCfg = Release|Any CPU
		{D2F03BC8-E2AC-47F1-8CA9-DC405A741A42}.Release|x86.Build.0 = Release|Any CPU
		{D48820EF-90DF-4CDD-983C-8BB5F14D49AE}.Debug|Any CPU.ActiveCfg = Debug|Any CPU
		{D48820EF-90DF-4CDD-983C-8BB5F14D49AE}.Debug|Any CPU.Build.0 = Debug|Any CPU
		{D48820EF-90DF-4CDD-983C-8BB5F14D49AE}.Debug|x64.ActiveCfg = Debug|Any CPU
		{D48820EF-90DF-4CDD-983C-8BB5F14D49AE}.Debug|x64.Build.0 = Debug|Any CPU
		{D48820EF-90DF-4CDD-983C-8BB5F14D49AE}.Debug|x86.ActiveCfg = Debug|Any CPU
		{D48820EF-90DF-4CDD-983C-8BB5F14D49AE}.Debug|x86.Build.0 = Debug|Any CPU
		{D48820EF-90DF-4CDD-983C-8BB5F14D49AE}.Release|Any CPU.ActiveCfg = Release|Any CPU
		{D48820EF-90DF-4CDD-983C-8BB5F14D49AE}.Release|Any CPU.Build.0 = Release|Any CPU
		{D48820EF-90DF-4CDD-983C-8BB5F14D49AE}.Release|x64.ActiveCfg = Release|Any CPU
		{D48820EF-90DF-4CDD-983C-8BB5F14D49AE}.Release|x64.Build.0 = Release|Any CPU
		{D48820EF-90DF-4CDD-983C-8BB5F14D49AE}.Release|x86.ActiveCfg = Release|Any CPU
		{D48820EF-90DF-4CDD-983C-8BB5F14D49AE}.Release|x86.Build.0 = Release|Any CPU
		{0822960B-8A3A-4216-B189-1052AD6100A7}.Debug|Any CPU.ActiveCfg = Debug|Any CPU
		{0822960B-8A3A-4216-B189-1052AD6100A7}.Debug|Any CPU.Build.0 = Debug|Any CPU
		{0822960B-8A3A-4216-B189-1052AD6100A7}.Debug|x64.ActiveCfg = Debug|Any CPU
		{0822960B-8A3A-4216-B189-1052AD6100A7}.Debug|x64.Build.0 = Debug|Any CPU
		{0822960B-8A3A-4216-B189-1052AD6100A7}.Debug|x86.ActiveCfg = Debug|Any CPU
		{0822960B-8A3A-4216-B189-1052AD6100A7}.Debug|x86.Build.0 = Debug|Any CPU
		{0822960B-8A3A-4216-B189-1052AD6100A7}.Release|Any CPU.ActiveCfg = Release|Any CPU
		{0822960B-8A3A-4216-B189-1052AD6100A7}.Release|Any CPU.Build.0 = Release|Any CPU
		{0822960B-8A3A-4216-B189-1052AD6100A7}.Release|x64.ActiveCfg = Release|Any CPU
		{0822960B-8A3A-4216-B189-1052AD6100A7}.Release|x64.Build.0 = Release|Any CPU
		{0822960B-8A3A-4216-B189-1052AD6100A7}.Release|x86.ActiveCfg = Release|Any CPU
		{0822960B-8A3A-4216-B189-1052AD6100A7}.Release|x86.Build.0 = Release|Any CPU
		{7D5B99E6-6FC0-4134-8D30-5A31351A0744}.Debug|Any CPU.ActiveCfg = Debug|Any CPU
		{7D5B99E6-6FC0-4134-8D30-5A31351A0744}.Debug|Any CPU.Build.0 = Debug|Any CPU
		{7D5B99E6-6FC0-4134-8D30-5A31351A0744}.Debug|x64.ActiveCfg = Debug|Any CPU
		{7D5B99E6-6FC0-4134-8D30-5A31351A0744}.Debug|x64.Build.0 = Debug|Any CPU
		{7D5B99E6-6FC0-4134-8D30-5A31351A0744}.Debug|x86.ActiveCfg = Debug|Any CPU
		{7D5B99E6-6FC0-4134-8D30-5A31351A0744}.Debug|x86.Build.0 = Debug|Any CPU
		{7D5B99E6-6FC0-4134-8D30-5A31351A0744}.Release|Any CPU.ActiveCfg = Release|Any CPU
		{7D5B99E6-6FC0-4134-8D30-5A31351A0744}.Release|Any CPU.Build.0 = Release|Any CPU
		{7D5B99E6-6FC0-4134-8D30-5A31351A0744}.Release|x64.ActiveCfg = Release|Any CPU
		{7D5B99E6-6FC0-4134-8D30-5A31351A0744}.Release|x64.Build.0 = Release|Any CPU
		{7D5B99E6-6FC0-4134-8D30-5A31351A0744}.Release|x86.ActiveCfg = Release|Any CPU
		{7D5B99E6-6FC0-4134-8D30-5A31351A0744}.Release|x86.Build.0 = Release|Any CPU
		{8C4D8916-40CB-4681-A237-ECC2B314A913}.Debug|Any CPU.ActiveCfg = Debug|Any CPU
		{8C4D8916-40CB-4681-A237-ECC2B314A913}.Debug|Any CPU.Build.0 = Debug|Any CPU
		{8C4D8916-40CB-4681-A237-ECC2B314A913}.Debug|x64.ActiveCfg = Debug|Any CPU
		{8C4D8916-40CB-4681-A237-ECC2B314A913}.Debug|x64.Build.0 = Debug|Any CPU
		{8C4D8916-40CB-4681-A237-ECC2B314A913}.Debug|x86.ActiveCfg = Debug|Any CPU
		{8C4D8916-40CB-4681-A237-ECC2B314A913}.Debug|x86.Build.0 = Debug|Any CPU
		{8C4D8916-40CB-4681-A237-ECC2B314A913}.Release|Any CPU.ActiveCfg = Release|Any CPU
		{8C4D8916-40CB-4681-A237-ECC2B314A913}.Release|Any CPU.Build.0 = Release|Any CPU
		{8C4D8916-40CB-4681-A237-ECC2B314A913}.Release|x64.ActiveCfg = Release|Any CPU
		{8C4D8916-40CB-4681-A237-ECC2B314A913}.Release|x64.Build.0 = Release|Any CPU
		{8C4D8916-40CB-4681-A237-ECC2B314A913}.Release|x86.ActiveCfg = Release|Any CPU
		{8C4D8916-40CB-4681-A237-ECC2B314A913}.Release|x86.Build.0 = Release|Any CPU
	EndGlobalSection
	GlobalSection(NestedProjects) = preSolution
		{C286A046-B98E-45FB-9AD4-4982FE593EA5} = {D2B2E6E7-66FC-462A-9A22-AD4C25260BA6}
		{3AD43F30-A6B7-447D-B1FF-0E31BF4948B0} = {D2B2E6E7-66FC-462A-9A22-AD4C25260BA6}
		{953F4E3F-D939-4B94-97B2-822AA38FBA2E} = {D2B2E6E7-66FC-462A-9A22-AD4C25260BA6}
		{0946AE4F-E793-480A-8C54-081592E6428C} = {D2B2E6E7-66FC-462A-9A22-AD4C25260BA6}
		{087F5E44-1FD8-48EA-9443-C7CDF158DE18} = {D2B2E6E7-66FC-462A-9A22-AD4C25260BA6}
		{4EB9491B-6FA2-404A-86BA-9565D2684C9B} = {D2B2E6E7-66FC-462A-9A22-AD4C25260BA6}
		{84CCF904-0518-4295-97CF-1F89514272BE} = {385D7C6C-4C29-4B68-950A-554DF41986A5}
		{8E4678F9-ED82-44DA-AC71-8B878FEB10BC} = {385D7C6C-4C29-4B68-950A-554DF41986A5}
		{D1A0BB62-2099-4994-8621-93341DAE5DF8} = {385D7C6C-4C29-4B68-950A-554DF41986A5}
		{DE3727A7-0361-4134-9A6A-5AA1F0B6C89F} = {385D7C6C-4C29-4B68-950A-554DF41986A5}
		{AC620C23-373F-4ED9-A5C3-1B9E6D885D03} = {385D7C6C-4C29-4B68-950A-554DF41986A5}
		{CF617681-BADE-47D8-AC00-1740340C17C1} = {26D99B34-723E-4AD5-A2DA-6F97334D856F}
		{993D5C1E-793D-4A99-8CF1-B5ACDB0C873D} = {26D99B34-723E-4AD5-A2DA-6F97334D856F}
		{E12C78CC-8B85-45C2-830F-E9757382BFDF} = {26D99B34-723E-4AD5-A2DA-6F97334D856F}
		{0822960B-8A3A-4216-B189-1052AD6100A7} = {1613AE07-FA24-4B1F-8456-4F1FDF1222B8}
		{7D5B99E6-6FC0-4134-8D30-5A31351A0744} = {1613AE07-FA24-4B1F-8456-4F1FDF1222B8}
		{8C4D8916-40CB-4681-A237-ECC2B314A913} = {1613AE07-FA24-4B1F-8456-4F1FDF1222B8}
	EndGlobalSection
EndGlobal
